{
  "projects": [
    {
      "projectId": "tDjtrzzZWsZ9KMtCu27ZC9",
      "version": "latest",
      "dependencies": {},
      "lang": "ts",
      "fileLocks": [
        {
          "type": "globalVariant",
          "assetId": "wjGmM7aF85Z",
          "checksum": "26b724b817ad4b1071a38dd86144daa5"
        },
        {
          "type": "renderModule",
          "assetId": "Ijoy0b_Xmc",
          "checksum": "02ece1f7944efe98f8354da85b2fc3ef"
        },
        {
          "type": "cssRules",
          "assetId": "Ijoy0b_Xmc",
          "checksum": "02ece1f7944efe98f8354da85b2fc3ef"
        },
        {
          "type": "renderModule",
          "assetId": "j7GGhPP3Qs",
          "checksum": "fc8a14bb26609a0dafff79b1cab74484"
        },
        {
          "type": "cssRules",
          "assetId": "j7GGhPP3Qs",
          "checksum": "fc8a14bb26609a0dafff79b1cab74484"
        },
        {
          "type": "renderModule",
          "assetId": "mRatVJbzMX",
          "checksum": "50e02ef79b32b29b51842e2b0b5c9a3e"
        },
        {
          "type": "cssRules",
          "assetId": "mRatVJbzMX",
          "checksum": "50e02ef79b32b29b51842e2b0b5c9a3e"
        },
        {
          "type": "renderModule",
          "assetId": "tB5XjRXn2B",
          "checksum": "60fc9bc48e46049d34f223c5e1719035"
        },
        {
          "type": "cssRules",
          "assetId": "tB5XjRXn2B",
          "checksum": "60fc9bc48e46049d34f223c5e1719035"
        },
        {
          "type": "renderModule",
          "assetId": "IzCzcwrfjf",
          "checksum": "2ba56e70d4af177113d9cc41988d4b0d"
        },
        {
          "type": "cssRules",
          "assetId": "IzCzcwrfjf",
          "checksum": "2ba56e70d4af177113d9cc41988d4b0d"
        },
        {
          "type": "icon",
          "assetId": "UA-TyLtClo",
          "checksum": "d8ec7d9f5af20ed615133a61d66ad110"
        },
        {
          "type": "icon",
          "assetId": "7O8tlaBSjx",
          "checksum": "d228a1004702d54bfe357186f102f510"
        },
        {
          "type": "image",
          "assetId": "FX-uuTyBc",
          "checksum": "eead4b5c4451134007516e1ccebc2431"
        },
        {
          "type": "image",
          "assetId": "A1lemRyQus",
          "checksum": "19991ca89095833778cd5b8393446153"
        },
        {
          "type": "image",
          "assetId": "mAUDCCo0um",
          "checksum": "6c989a0b3cdee20c29eb3637246cc070"
        },
        {
          "type": "image",
          "assetId": "Z0W0y8FzUQ",
          "checksum": "cdda3c7447f4cc974ab4d0e64836f530"
        },
        {
          "type": "image",
          "assetId": "Z0Gnhf8oT",
          "checksum": "0e78133e0f94e1180a48456fdf2ea030"
        },
        {
          "type": "image",
          "assetId": "hAw7Ji0Fw1",
          "checksum": "61801fbed266130524ece57535a32b05"
        },
        {
          "assetId": "tDjtrzzZWsZ9KMtCu27ZC9",
          "type": "projectCss",
          "checksum": "c139cf13c056b4050622e4edea6b0e4a"
        },
        {
          "type": "image",
          "assetId": "_rORLZfeT",
          "checksum": "18de14cc9ef4588c704d31352012f409"
        }
      ],
      "codegenVersion": "0.0.1"
    }
  ],
  "cliVersion": "0.1.300"
}
