{
  "projects": [
    {
      "projectId": "tDjtrzzZWsZ9KMtCu27ZC9",
      "version": "latest",
      "dependencies": {},
      "lang": "ts",
      "fileLocks": [
        {
          "type": "globalVariant",
          "assetId": "wjGmM7aF85Z",
          "checksum": "26b724b817ad4b1071a38dd86144daa5"
        },
        {
          "type": "renderModule",
          "assetId": "Ijoy0b_Xmc",
          "checksum": "3f01feca870127c6dc603b12aef80bbb"
        },
        {
          "type": "cssRules",
          "assetId": "Ijoy0b_Xmc",
          "checksum": "3f01feca870127c6dc603b12aef80bbb"
        },
        {
          "type": "renderModule",
          "assetId": "j7GGhPP3Qs",
          "checksum": "ee757dc82ddfaf8275b79ebedb96980f"
        },
        {
          "type": "cssRules",
          "assetId": "j7GGhPP3Qs",
          "checksum": "ee757dc82ddfaf8275b79ebedb96980f"
        },
        {
          "type": "renderModule",
          "assetId": "mRatVJbzMX",
          "checksum": "98a24173488093496fdb8d9452a11253"
        },
        {
          "type": "cssRules",
          "assetId": "mRatVJbzMX",
          "checksum": "98a24173488093496fdb8d9452a11253"
        },
        {
          "type": "renderModule",
          "assetId": "tB5XjRXn2B",
          "checksum": "d057d0499519dbb43f3df17ef1f0d83e"
        },
        {
          "type": "cssRules",
          "assetId": "tB5XjRXn2B",
          "checksum": "d057d0499519dbb43f3df17ef1f0d83e"
        },
        {
          "type": "renderModule",
          "assetId": "IzCzcwrfjf",
          "checksum": "c76a099239282d5066b66c87c8c30eae"
        },
        {
          "type": "cssRules",
          "assetId": "IzCzcwrfjf",
          "checksum": "c76a099239282d5066b66c87c8c30eae"
        },
        {
          "type": "icon",
          "assetId": "UA-TyLtClo",
          "checksum": "d8ec7d9f5af20ed615133a61d66ad110"
        },
        {
          "type": "icon",
          "assetId": "7O8tlaBSjx",
          "checksum": "d228a1004702d54bfe357186f102f510"
        },
        {
          "type": "image",
          "assetId": "FX-uuTyBc",
          "checksum": "eead4b5c4451134007516e1ccebc2431"
        },
        {
          "type": "image",
          "assetId": "A1lemRyQus",
          "checksum": "19991ca89095833778cd5b8393446153"
        },
        {
          "type": "image",
          "assetId": "mAUDCCo0um",
          "checksum": "6c989a0b3cdee20c29eb3637246cc070"
        },
        {
          "type": "image",
          "assetId": "Z0W0y8FzUQ",
          "checksum": "cdda3c7447f4cc974ab4d0e64836f530"
        },
        {
          "type": "image",
          "assetId": "Z0Gnhf8oT",
          "checksum": "0e78133e0f94e1180a48456fdf2ea030"
        },
        {
          "type": "image",
          "assetId": "hAw7Ji0Fw1",
          "checksum": "61801fbed266130524ece57535a32b05"
        },
        {
          "assetId": "tDjtrzzZWsZ9KMtCu27ZC9",
          "type": "projectCss",
          "checksum": "c139cf13c056b4050622e4edea6b0e4a"
        }
      ],
      "codegenVersion": "0.0.1"
    }
  ],
  "cliVersion": "0.1.300"
}
